
Microsoft Visual Studio Solution File, Format Version 12.00
# Visual Studio 15
VisualStudioVersion = 15.0.28010.2046
MinimumVisualStudioVersion = 10.0.40219.1
Project("{2150E333-8FDC-42A3-9474-1A3956D46DE8}") = "Src", "Src", "{AF5CEE16-06E9-4AE0-8F98-63494C8E80C1}"
EndProject
Project("{2150E333-8FDC-42A3-9474-1A3956D46DE8}") = "Presentation", "Presentation", "{6A5E2EFB-F334-45F5-85AE-6FCC664904C4}"
EndProject
Project("{2150E333-8FDC-42A3-9474-1A3956D46DE8}") = "Tests", "Tests", "{8F38F656-74FB-4AAE-8F3E-5E81457C153E}"
EndProject
Project("{2150E333-8FDC-42A3-9474-1A3956D46DE8}") = "Core", "Core", "{A17C9946-CEEC-43A8-BFEA-0955B95902CC}"
EndProject
Project("{2150E333-8FDC-42A3-9474-1A3956D46DE8}") = "Infrastructure", "Infrastructure", "{886FF679-A410-4D83-8E31-E6303F1F9BF1}"
EndProject
Project("{9A19103F-16F7-4668-BE54-9A1E7A4F7556}") = "Application", "src\Core\Application\Application.csproj", "{8316CBC9-16EC-4002-81B0-C7931C8778C2}"
EndProject
Project("{9A19103F-16F7-4668-BE54-9A1E7A4F7556}") = "Domain", "src\Core\Domain\Domain.csproj", "{6D36510D-D0D7-466E-A75D-A6FDF45F28A1}"
EndProject
Project("{9A19103F-16F7-4668-BE54-9A1E7A4F7556}") = "WebApi", "src\Presentation\WebApi\WebApi.csproj", "{77BFDD77-8E46-4576-BDB0-AF5106F99A7F}"
EndProject
Project("{9A19103F-16F7-4668-BE54-9A1E7A4F7556}") = "Application.Tests", "tests\Application.Tests\Application.Tests.csproj", "{FE7F6967-4870-4DD6-9794-D0ACACD0DDEF}"
EndProject
Project("{9A19103F-16F7-4668-BE54-9A1E7A4F7556}") = "Infrastructure", "src\Infrastructure\Infrastucture\Infrastructure.csproj", "{B2E184B9-F887-49D9-A7B5-8A999B7070B5}"
EndProject
Project("{9A19103F-16F7-4668-BE54-9A1E7A4F7556}") = "Persistence", "src\Infrastructure\Persistence\Persistence.csproj", "{598910BA-6A39-4DDD-8C4D-9E4144CD48B2}"
EndProject
Global
	GlobalSection(SolutionConfigurationPlatforms) = preSolution
		Debug|Any CPU = Debug|Any CPU
		Release|Any CPU = Release|Any CPU
	EndGlobalSection
	GlobalSection(ProjectConfigurationPlatforms) = postSolution
		{8316CBC9-16EC-4002-81B0-C7931C8778C2}.Debug|Any CPU.ActiveCfg = Debug|Any CPU
		{8316CBC9-16EC-4002-81B0-C7931C8778C2}.Debug|Any CPU.Build.0 = Debug|Any CPU
		{8316CBC9-16EC-4002-81B0-C7931C8778C2}.Release|Any CPU.ActiveCfg = Release|Any CPU
		{8316CBC9-16EC-4002-81B0-C7931C8778C2}.Release|Any CPU.Build.0 = Release|Any CPU
		{6D36510D-D0D7-466E-A75D-A6FDF45F28A1}.Debug|Any CPU.ActiveCfg = Debug|Any CPU
		{6D36510D-D0D7-466E-A75D-A6FDF45F28A1}.Debug|Any CPU.Build.0 = Debug|Any CPU
		{6D36510D-D0D7-466E-A75D-A6FDF45F28A1}.Release|Any CPU.ActiveCfg = Release|Any CPU
		{6D36510D-D0D7-466E-A75D-A6FDF45F28A1}.Release|Any CPU.Build.0 = Release|Any CPU
		{77BFDD77-8E46-4576-BDB0-AF5106F99A7F}.Debug|Any CPU.ActiveCfg = Debug|Any CPU
		{77BFDD77-8E46-4576-BDB0-AF5106F99A7F}.Debug|Any CPU.Build.0 = Debug|Any CPU
		{77BFDD77-8E46-4576-BDB0-AF5106F99A7F}.Release|Any CPU.ActiveCfg = Release|Any CPU
		{77BFDD77-8E46-4576-BDB0-AF5106F99A7F}.Release|Any CPU.Build.0 = Release|Any CPU
		{FE7F6967-4870-4DD6-9794-D0ACACD0DDEF}.Debug|Any CPU.ActiveCfg = Debug|Any CPU
		{FE7F6967-4870-4DD6-9794-D0ACACD0DDEF}.Debug|Any CPU.Build.0 = Debug|Any CPU
		{FE7F6967-4870-4DD6-9794-D0ACACD0DDEF}.Release|Any CPU.ActiveCfg = Release|Any CPU
		{FE7F6967-4870-4DD6-9794-D0ACACD0DDEF}.Release|Any CPU.Build.0 = Release|Any CPU
		{B2E184B9-F887-49D9-A7B5-8A999B7070B5}.Debug|Any CPU.ActiveCfg = Debug|Any CPU
		{B2E184B9-F887-49D9-A7B5-8A999B7070B5}.Debug|Any CPU.Build.0 = Debug|Any CPU
		{B2E184B9-F887-49D9-A7B5-8A999B7070B5}.Release|Any CPU.ActiveCfg = Release|Any CPU
		{B2E184B9-F887-49D9-A7B5-8A999B7070B5}.Release|Any CPU.Build.0 = Release|Any CPU
		{598910BA-6A39-4DDD-8C4D-9E4144CD48B2}.Debug|Any CPU.ActiveCfg = Debug|Any CPU
		{598910BA-6A39-4DDD-8C4D-9E4144CD48B2}.Debug|Any CPU.Build.0 = Debug|Any CPU
		{598910BA-6A39-4DDD-8C4D-9E4144CD48B2}.Release|Any CPU.ActiveCfg = Release|Any CPU
		{598910BA-6A39-4DDD-8C4D-9E4144CD48B2}.Release|Any CPU.Build.0 = Release|Any CPU
	EndGlobalSection
	GlobalSection(SolutionProperties) = preSolution
		HideSolutionNode = FALSE
	EndGlobalSection
	GlobalSection(NestedProjects) = preSolution
		{6A5E2EFB-F334-45F5-85AE-6FCC664904C4} = {AF5CEE16-06E9-4AE0-8F98-63494C8E80C1}
		{A17C9946-CEEC-43A8-BFEA-0955B95902CC} = {AF5CEE16-06E9-4AE0-8F98-63494C8E80C1}
		{886FF679-A410-4D83-8E31-E6303F1F9BF1} = {AF5CEE16-06E9-4AE0-8F98-63494C8E80C1}
		{8316CBC9-16EC-4002-81B0-C7931C8778C2} = {A17C9946-CEEC-43A8-BFEA-0955B95902CC}
		{6D36510D-D0D7-466E-A75D-A6FDF45F28A1} = {A17C9946-CEEC-43A8-BFEA-0955B95902CC}
		{77BFDD77-8E46-4576-BDB0-AF5106F99A7F} = {6A5E2EFB-F334-45F5-85AE-6FCC664904C4}
		{FE7F6967-4870-4DD6-9794-D0ACACD0DDEF} = {8F38F656-74FB-4AAE-8F3E-5E81457C153E}
		{B2E184B9-F887-49D9-A7B5-8A999B7070B5} = {886FF679-A410-4D83-8E31-E6303F1F9BF1}
		{598910BA-6A39-4DDD-8C4D-9E4144CD48B2} = {886FF679-A410-4D83-8E31-E6303F1F9BF1}
	EndGlobalSection
	GlobalSection(ExtensibilityGlobals) = postSolution
		SolutionGuid = {B0BF0A47-1200-4694-B999-379FD7220CF9}
	EndGlobalSection
EndGlobal
